{
  "nodes": {
    "brew-api-extra": {
      "flake": false,
      "locked": {
        "lastModified": 1787941089,
        "narHash": "sha256-GIkOWAmb4GnjvfKxK8BLsWuanncVYu8hCH8pCpfe8dU=",
        "owner": "futuping",
        "repo": "brew-api-extra",
        "rev": "18683bb7e9fccfd3a19223fed795aa97320c895f",
        "type": "github"
      },
      "original": {
        "owner": "futuping",
        "repo": "brew-api-extra",
        "type": "github"
      }
    },
    "brew-nix": {
      "flake": false,
      "locked": {
        "lastModified": 1784490391,
        "narHash": "sha256-/qnykj46xlcFPaoiksoGCk4g2g4EtF72ZNzYJtHTmh4=",
        "owner": "BatteredBunny",
        "repo": "brew-nix",
        "rev": "05377d6a5e6707a1914263ff02df0a5c597374d8",
        "type": "github"
      },
      "original": {
        "owner": "BatteredBunny",
        "repo": "brew-nix",
        "type": "github"
      }
    },
    "root": {
      "inputs": {
        "brew-api-extra": "brew-api-extra",
        "brew-nix": "brew-nix"
      }
    }
  },
  "root": "root",
  "version": 7
}
