{
  "nodes": {
    "brew-api-extra": {
      "flake": false,
      "locked": {
        "lastModified": 1789795608,
        "narHash": "sha256-jqzKqDhAhhb7TnwjI7S59JfYxkO4Img/vZVJv+ZSqWs=",
        "owner": "futuping",
        "repo": "brew-api-extra",
        "rev": "67f7c3d23b484975cd422fe7f6c8fb55e5afab3a",
        "type": "github"
      },
      "original": {
        "owner": "futuping",
        "repo": "brew-api-extra",
        "type": "github"
      }
    },
    "brew-nix": {
      "flake": false,
      "locked": {
        "lastModified": 1784490391,
        "narHash": "sha256-/qnykj46xlcFPaoiksoGCk4g2g4EtF72ZNzYJtHTmh4=",
        "owner": "BatteredBunny",
        "repo": "brew-nix",
        "rev": "05377d6a5e6707a1914263ff02df0a5c597374d8",
        "type": "github"
      },
      "original": {
        "owner": "BatteredBunny",
        "repo": "brew-nix",
        "type": "github"
      }
    },
    "nixpkgs": {
      "locked": {
        "lastModified": 1788982683,
        "narHash": "sha256-PJCTsE4I20CrJJPcye9/z6brRFysG5+aygr/dZK097k=",
        "owner": "NixOS",
        "repo": "nixpkgs",
        "rev": "5052d7ccbcfb7e4ae1586cb2ecf95a2e3707dce9",
        "type": "github"
      },
      "original": {
        "owner": "NixOS",
        "ref": "nixpkgs-unstable",
        "repo": "nixpkgs",
        "type": "github"
      }
    },
    "root": {
      "inputs": {
        "brew-api-extra": "brew-api-extra",
        "brew-nix": "brew-nix",
        "nixpkgs": "nixpkgs"
      }
    }
  },
  "root": "root",
  "version": 7
}
